# This file is automatically @generated by Cargo.
# It is not intended for manual editing.
version = 4

[[package]]
name = "jaymi"
version = "0.1.0"
dependencies = [
 "jaymi-capabilities",
 "jaymi-config",
 "jaymi-context",
 "jaymi-core",
 "jaymi-database",
 "jaymi-logging",
 "jaymi-memory",
 "jaymi-permissions",
 "jaymi-planner",
 "jaymi-policies",
 "jaymi-projects",
 "jaymi-providers",
 "jaymi-tools",
]

[[package]]
name = "jaymi-capabilities"
version = "0.1.0"
dependencies = [
 "jaymi-core",
]

[[package]]
name = "jaymi-config"
version = "0.1.0"
dependencies = [
 "jaymi-core",
]

[[package]]
name = "jaymi-context"
version = "0.1.0"
dependencies = [
 "jaymi-core",
]

[[package]]
name = "jaymi-core"
version = "0.1.0"

[[package]]
name = "jaymi-database"
version = "0.1.0"
dependencies = [
 "jaymi-core",
]

[[package]]
name = "jaymi-logging"
version = "0.1.0"
dependencies = [
 "jaymi-core",
]

[[package]]
name = "jaymi-memory"
version = "0.1.0"
dependencies = [
 "jaymi-core",
]

[[package]]
name = "jaymi-permissions"
version = "0.1.0"
dependencies = [
 "jaymi-core",
]

[[package]]
name = "jaymi-planner"
version = "0.1.0"
dependencies = [
 "jaymi-capabilities",
 "jaymi-context",
 "jaymi-core",
 "jaymi-memory",
 "jaymi-permissions",
 "jaymi-policies",
 "jaymi-tools",
]

[[package]]
name = "jaymi-policies"
version = "0.1.0"
dependencies = [
 "jaymi-core",
]

[[package]]
name = "jaymi-projects"
version = "0.1.0"
dependencies = [
 "jaymi-core",
]

[[package]]
name = "jaymi-providers"
version = "0.1.0"
dependencies = [
 "jaymi-capabilities",
 "jaymi-core",
]

[[package]]
name = "jaymi-tools"
version = "0.1.0"
dependencies = [
 "jaymi-capabilities",
 "jaymi-core",
 "jaymi-providers",
]
